
Microsoft Visual Studio Solution File, Format Version 12.00
# Visual Studio Version 16
VisualStudioVersion = 16.0.30204.135
MinimumVisualStudioVersion = 10.0.40219.1
Project("{FAE04EC0-301F-11D3-BF4B-00C04F79EFBC}") = "June17.2", "June17.2.csproj", "{B461D4B4-DCC7-4BF3-91C4-FAEAC2C8CE27}"
EndProject
Global
	GlobalSection(SolutionConfigurationPlatforms) = preSolution
		Debug|Any CPU = Debug|Any CPU
		Release|Any CPU = Release|Any CPU
	EndGlobalSection
	GlobalSection(ProjectConfigurationPlatforms) = postSolution
		{B461D4B4-DCC7-4BF3-91C4-FAEAC2C8CE27}.Debug|Any CPU.ActiveCfg = Debug|Any CPU
		{B461D4B4-DCC7-4BF3-91C4-FAEAC2C8CE27}.Debug|Any CPU.Build.0 = Debug|Any CPU
		{B461D4B4-DCC7-4BF3-91C4-FAEAC2C8CE27}.Release|Any CPU.ActiveCfg = Release|Any CPU
		{B461D4B4-DCC7-4BF3-91C4-FAEAC2C8CE27}.Release|Any CPU.Build.0 = Release|Any CPU
	EndGlobalSection
	GlobalSection(SolutionProperties) = preSolution
		HideSolutionNode = FALSE
	EndGlobalSection
	GlobalSection(ExtensibilityGlobals) = postSolution
		SolutionGuid = {FD87E926-4E19-46D7-97D0-53AA1C7E4D55}
	EndGlobalSection
EndGlobal
